// !$*UTF8*$!
{
	archiveVersion = 1;
	classes = {
	};
	objectVersion = 50;
	objects = {

/* Begin PBXBuildFile section */
		8EE61C5D22478478009D36C8 /* AppDelegate.swift in Sources */ = {isa = PBXBuildFile; fileRef = 8EE61C5C22478478009D36C8 /* AppDelegate.swift */; };
		8EE61C5F22478478009D36C8 /* InitialViewController.swift in Sources */ = {isa = PBXBuildFile; fileRef = 8EE61C5E22478478009D36C8 /* InitialViewController.swift */; };
		8EE61C6222478478009D36C8 /* Main.storyboard in Resources */ = {isa = PBXBuildFile; fileRef = 8EE61C6022478478009D36C8 /* Main.storyboard */; };
		8EE61C6422478479009D36C8 /* Assets.xcassets in Resources */ = {isa = PBXBuildFile; fileRef = 8EE61C6322478479009D36C8 /* Assets.xcassets */; };
		8EE61C6722478479009D36C8 /* LaunchScreen.storyboard in Resources */ = {isa = PBXBuildFile; fileRef = 8EE61C6522478479009D36C8 /* LaunchScreen.storyboard */; };
		8EE61C79224785F2009D36C8 /* ListViewController.swift in Sources */ = {isa = PBXBuildFile; fileRef = 8EE61C78224785F2009D36C8 /* ListViewController.swift */; };
		8EE61C7B2247863D009D36C8 /* PhotosViewController.swift in Sources */ = {isa = PBXBuildFile; fileRef = 8EE61C7A2247863D009D36C8 /* PhotosViewController.swift */; };
		8EE61C7D2247868E009D36C8 /* UIStoryboardExtension.swift in Sources */ = {isa = PBXBuildFile; fileRef = 8EE61C7C2247868E009D36C8 /* UIStoryboardExtension.swift */; };
		8EE61C7F22478B73009D36C8 /* UIViewControllerExtension.swift in Sources */ = {isa = PBXBuildFile; fileRef = 8EE61C7E22478B73009D36C8 /* UIViewControllerExtension.swift */; };
		8EE61C8122478D55009D36C8 /* UIButtonExtension.swift in Sources */ = {isa = PBXBuildFile; fileRef = 8EE61C8022478D55009D36C8 /* UIButtonExtension.swift */; };
		8EE61C8322478F0C009D36C8 /* UIColorExtension.swift in Sources */ = {isa = PBXBuildFile; fileRef = 8EE61C8222478F0C009D36C8 /* UIColorExtension.swift */; };
		8EE61C862247B14F009D36C8 /* PhotosManager.swift in Sources */ = {isa = PBXBuildFile; fileRef = 8EE61C852247B14F009D36C8 /* PhotosManager.swift */; };
		8EE61C882247B15E009D36C8 /* ListItemsManager.swift in Sources */ = {isa = PBXBuildFile; fileRef = 8EE61C872247B15E009D36C8 /* ListItemsManager.swift */; };
		8EE61C8A2247B196009D36C8 /* ListItemView.swift in Sources */ = {isa = PBXBuildFile; fileRef = 8EE61C892247B196009D36C8 /* ListItemView.swift */; };
		8EE61C8C2247B1A2009D36C8 /* ListItemView.xib in Resources */ = {isa = PBXBuildFile; fileRef = 8EE61C8B2247B1A2009D36C8 /* ListItemView.xib */; };
		8EE61C8E2247B302009D36C8 /* ListItem.swift in Sources */ = {isa = PBXBuildFile; fileRef = 8EE61C8D2247B302009D36C8 /* ListItem.swift */; };
		8EE61C952247B706009D36C8 /* ListViewCell.swift in Sources */ = {isa = PBXBuildFile; fileRef = 8EE61C932247B706009D36C8 /* ListViewCell.swift */; };
		8EE61C962247B706009D36C8 /* ListViewCell.xib in Resources */ = {isa = PBXBuildFile; fileRef = 8EE61C942247B706009D36C8 /* ListViewCell.xib */; };
		8EEB999A2247B916004C01E0 /* ArrayExtension.swift in Sources */ = {isa = PBXBuildFile; fileRef = 8EEB99992247B916004C01E0 /* ArrayExtension.swift */; };
		8EEB999C2247C356004C01E0 /* UIEdgeInsetsExtension.swift in Sources */ = {isa = PBXBuildFile; fileRef = 8EEB999B2247C356004C01E0 /* UIEdgeInsetsExtension.swift */; };
		8EEB999F2247C50B004C01E0 /* Fetcher.swift in Sources */ = {isa = PBXBuildFile; fileRef = 8EEB999E2247C50B004C01E0 /* Fetcher.swift */; };
		8EEB99A12247C8A3004C01E0 /* ListItemsDelegate.swift in Sources */ = {isa = PBXBuildFile; fileRef = 8EEB99A02247C8A3004C01E0 /* ListItemsDelegate.swift */; };
		8EEB99A32247CAB7004C01E0 /* UIActivityIndicatable.swift in Sources */ = {isa = PBXBuildFile; fileRef = 8EEB99A22247CAB7004C01E0 /* UIActivityIndicatable.swift */; };
/* End PBXBuildFile section */

/* Begin PBXFileReference section */
		8EE61C5922478478009D36C8 /* DASample.app */ = {isa = PBXFileReference; explicitFileType = wrapper.application; includeInIndex = 0; path = DASample.app; sourceTree = BUILT_PRODUCTS_DIR; };
		8EE61C5C22478478009D36C8 /* AppDelegate.swift */ = {isa = PBXFileReference; lastKnownFileType = sourcecode.swift; path = AppDelegate.swift; sourceTree = "<group>"; };
		8EE61C5E22478478009D36C8 /* InitialViewController.swift */ = {isa = PBXFileReference; lastKnownFileType = sourcecode.swift; path = InitialViewController.swift; sourceTree = "<group>"; };
		8EE61C6122478478009D36C8 /* Base */ = {isa = PBXFileReference; lastKnownFileType = file.storyboard; name = Base; path = Base.lproj/Main.storyboard; sourceTree = "<group>"; };
		8EE61C6322478479009D36C8 /* Assets.xcassets */ = {isa = PBXFileReference; lastKnownFileType = folder.assetcatalog; path = Assets.xcassets; sourceTree = "<group>"; };
		8EE61C6622478479009D36C8 /* Base */ = {isa = PBXFileReference; lastKnownFileType = file.storyboard; name = Base; path = Base.lproj/LaunchScreen.storyboard; sourceTree = "<group>"; };
		8EE61C6822478479009D36C8 /* Info.plist */ = {isa = PBXFileReference; lastKnownFileType = text.plist.xml; path = Info.plist; sourceTree = "<group>"; };
		8EE61C78224785F2009D36C8 /* ListViewController.swift */ = {isa = PBXFileReference; lastKnownFileType = sourcecode.swift; path = ListViewController.swift; sourceTree = "<group>"; };
		8EE61C7A2247863D009D36C8 /* PhotosViewController.swift */ = {isa = PBXFileReference; lastKnownFileType = sourcecode.swift; path = PhotosViewController.swift; sourceTree = "<group>"; };
		8EE61C7C2247868E009D36C8 /* UIStoryboardExtension.swift */ = {isa = PBXFileReference; lastKnownFileType = sourcecode.swift; path = UIStoryboardExtension.swift; sourceTree = "<group>"; };
		8EE61C7E22478B73009D36C8 /* UIViewControllerExtension.swift */ = {isa = PBXFileReference; lastKnownFileType = sourcecode.swift; path = UIViewControllerExtension.swift; sourceTree = "<group>"; };
		8EE61C8022478D55009D36C8 /* UIButtonExtension.swift */ = {isa = PBXFileReference; lastKnownFileType = sourcecode.swift; path = UIButtonExtension.swift; sourceTree = "<group>"; };
		8EE61C8222478F0C009D36C8 /* UIColorExtension.swift */ = {isa = PBXFileReference; lastKnownFileType = sourcecode.swift; path = UIColorExtension.swift; sourceTree = "<group>"; };
		8EE61C852247B14F009D36C8 /* PhotosManager.swift */ = {isa = PBXFileReference; lastKnownFileType = sourcecode.swift; path = PhotosManager.swift; sourceTree = "<group>"; };
		8EE61C872247B15E009D36C8 /* ListItemsManager.swift */ = {isa = PBXFileReference; lastKnownFileType = sourcecode.swift; path = ListItemsManager.swift; sourceTree = "<group>"; };
		8EE61C892247B196009D36C8 /* ListItemView.swift */ = {isa = PBXFileReference; lastKnownFileType = sourcecode.swift; path = ListItemView.swift; sourceTree = "<group>"; };
		8EE61C8B2247B1A2009D36C8 /* ListItemView.xib */ = {isa = PBXFileReference; lastKnownFileType = file.xib; path = ListItemView.xib; sourceTree = "<group>"; };
		8EE61C8D2247B302009D36C8 /* ListItem.swift */ = {isa = PBXFileReference; lastKnownFileType = sourcecode.swift; path = ListItem.swift; sourceTree = "<group>"; };
		8EE61C932247B706009D36C8 /* ListViewCell.swift */ = {isa = PBXFileReference; lastKnownFileType = sourcecode.swift; path = ListViewCell.swift; sourceTree = "<group>"; };
		8EE61C942247B706009D36C8 /* ListViewCell.xib */ = {isa = PBXFileReference; lastKnownFileType = file.xib; path = ListViewCell.xib; sourceTree = "<group>"; };
		8EEB99992247B916004C01E0 /* ArrayExtension.swift */ = {isa = PBXFileReference; lastKnownFileType = sourcecode.swift; path = ArrayExtension.swift; sourceTree = "<group>"; };
		8EEB999B2247C356004C01E0 /* UIEdgeInsetsExtension.swift */ = {isa = PBXFileReference; lastKnownFileType = sourcecode.swift; path = UIEdgeInsetsExtension.swift; sourceTree = "<group>"; };
		8EEB999E2247C50B004C01E0 /* Fetcher.swift */ = {isa = PBXFileReference; lastKnownFileType = sourcecode.swift; path = Fetcher.swift; sourceTree = "<group>"; };
		8EEB99A02247C8A3004C01E0 /* ListItemsDelegate.swift */ = {isa = PBXFileReference; lastKnownFileType = sourcecode.swift; path = ListItemsDelegate.swift; sourceTree = "<group>"; };
		8EEB99A22247CAB7004C01E0 /* UIActivityIndicatable.swift */ = {isa = PBXFileReference; lastKnownFileType = sourcecode.swift; path = UIActivityIndicatable.swift; sourceTree = "<group>"; };
/* End PBXFileReference section */

/* Begin PBXFrameworksBuildPhase section */
		8EE61C5622478478009D36C8 /* Frameworks */ = {
			isa = PBXFrameworksBuildPhase;
			buildActionMask = 2147483647;
			files = (
			);
			runOnlyForDeploymentPostprocessing = 0;
		};
/* End PBXFrameworksBuildPhase section */

/* Begin PBXGroup section */
		8EE61C5022478478009D36C8 = {
			isa = PBXGroup;
			children = (
				8EE61C5B22478478009D36C8 /* DASample */,
				8EE61C5A22478478009D36C8 /* Products */,
			);
			sourceTree = "<group>";
		};
		8EE61C5A22478478009D36C8 /* Products */ = {
			isa = PBXGroup;
			children = (
				8EE61C5922478478009D36C8 /* DASample.app */,
			);
			name = Products;
			sourceTree = "<group>";
		};
		8EE61C5B22478478009D36C8 /* DASample */ = {
			isa = PBXGroup;
			children = (
				8EE61C7622478586009D36C8 /* Assets */,
				8EE61C7222478560009D36C8 /* Models */,
				8EE61C7322478569009D36C8 /* Views */,
				8EE61C742247856F009D36C8 /* Controllers */,
				8EEB999D2247C4FB004C01E0 /* Protocols */,
				8EE61C842247B13B009D36C8 /* Managers */,
				8EE61C7522478576009D36C8 /* Extensions */,
				8EE61C772247859B009D36C8 /* Supporting Files */,
				8EE61C5C22478478009D36C8 /* AppDelegate.swift */,
			);
			path = DASample;
			sourceTree = "<group>";
		};
		8EE61C7222478560009D36C8 /* Models */ = {
			isa = PBXGroup;
			children = (
				8EE61C8D2247B302009D36C8 /* ListItem.swift */,
			);
			path = Models;
			sourceTree = "<group>";
		};
		8EE61C7322478569009D36C8 /* Views */ = {
			isa = PBXGroup;
			children = (
				8EE61C8F2247B36C009D36C8 /* ListItemView */,
				8EE61C922247B6F8009D36C8 /* ListViewCell */,
				8EE61C6522478479009D36C8 /* LaunchScreen.storyboard */,
				8EE61C6022478478009D36C8 /* Main.storyboard */,
			);
			path = Views;
			sourceTree = "<group>";
		};
		8EE61C742247856F009D36C8 /* Controllers */ = {
			isa = PBXGroup;
			children = (
				8EE61C5E22478478009D36C8 /* InitialViewController.swift */,
				8EE61C78224785F2009D36C8 /* ListViewController.swift */,
				8EE61C7A2247863D009D36C8 /* PhotosViewController.swift */,
			);
			path = Controllers;
			sourceTree = "<group>";
		};
		8EE61C7522478576009D36C8 /* Extensions */ = {
			isa = PBXGroup;
			children = (
				8EE61C7C2247868E009D36C8 /* UIStoryboardExtension.swift */,
				8EE61C7E22478B73009D36C8 /* UIViewControllerExtension.swift */,
				8EE61C8022478D55009D36C8 /* UIButtonExtension.swift */,
				8EE61C8222478F0C009D36C8 /* UIColorExtension.swift */,
				8EEB999B2247C356004C01E0 /* UIEdgeInsetsExtension.swift */,
				8EEB99992247B916004C01E0 /* ArrayExtension.swift */,
			);
			path = Extensions;
			sourceTree = "<group>";
		};
		8EE61C7622478586009D36C8 /* Assets */ = {
			isa = PBXGroup;
			children = (
				8EE61C6322478479009D36C8 /* Assets.xcassets */,
			);
			path = Assets;
			sourceTree = "<group>";
		};
		8EE61C772247859B009D36C8 /* Supporting Files */ = {
			isa = PBXGroup;
			children = (
				8EE61C6822478479009D36C8 /* Info.plist */,
			);
			path = "Supporting Files";
			sourceTree = "<group>";
		};
		8EE61C842247B13B009D36C8 /* Managers */ = {
			isa = PBXGroup;
			children = (
				8EE61C852247B14F009D36C8 /* PhotosManager.swift */,
				8EE61C872247B15E009D36C8 /* ListItemsManager.swift */,
				8EEB99A02247C8A3004C01E0 /* ListItemsDelegate.swift */,
			);
			path = Managers;
			sourceTree = "<group>";
		};
		8EE61C8F2247B36C009D36C8 /* ListItemView */ = {
			isa = PBXGroup;
			children = (
				8EE61C892247B196009D36C8 /* ListItemView.swift */,
				8EE61C8B2247B1A2009D36C8 /* ListItemView.xib */,
			);
			path = ListItemView;
			sourceTree = "<group>";
		};
		8EE61C922247B6F8009D36C8 /* ListViewCell */ = {
			isa = PBXGroup;
			children = (
				8EE61C932247B706009D36C8 /* ListViewCell.swift */,
				8EE61C942247B706009D36C8 /* ListViewCell.xib */,
			);
			path = ListViewCell;
			sourceTree = "<group>";
		};
		8EEB999D2247C4FB004C01E0 /* Protocols */ = {
			isa = PBXGroup;
			children = (
				8EEB999E2247C50B004C01E0 /* Fetcher.swift */,
				8EEB99A22247CAB7004C01E0 /* UIActivityIndicatable.swift */,
			);
			path = Protocols;
			sourceTree = "<group>";
		};
/* End PBXGroup section */

/* Begin PBXNativeTarget section */
		8EE61C5822478478009D36C8 /* DASample */ = {
			isa = PBXNativeTarget;
			buildConfigurationList = 8EE61C6B22478479009D36C8 /* Build configuration list for PBXNativeTarget "DASample" */;
			buildPhases = (
				8EE61C5522478478009D36C8 /* Sources */,
				8EE61C5622478478009D36C8 /* Frameworks */,
				8EE61C5722478478009D36C8 /* Resources */,
			);
			buildRules = (
			);
			dependencies = (
			);
			name = DASample;
			productName = DASample;
			productReference = 8EE61C5922478478009D36C8 /* DASample.app */;
			productType = "com.apple.product-type.application";
		};
/* End PBXNativeTarget section */

/* Begin PBXProject section */
		8EE61C5122478478009D36C8 /* Project object */ = {
			isa = PBXProject;
			attributes = {
				LastSwiftUpdateCheck = 1010;
				LastUpgradeCheck = 1010;
				ORGANIZATIONNAME = "Daniel Avram";
				TargetAttributes = {
					8EE61C5822478478009D36C8 = {
						CreatedOnToolsVersion = 10.1;
					};
				};
			};
			buildConfigurationList = 8EE61C5422478478009D36C8 /* Build configuration list for PBXProject "DASample" */;
			compatibilityVersion = "Xcode 9.3";
			developmentRegion = en;
			hasScannedForEncodings = 0;
			knownRegions = (
				en,
				Base,
			);
			mainGroup = 8EE61C5022478478009D36C8;
			productRefGroup = 8EE61C5A22478478009D36C8 /* Products */;
			projectDirPath = "";
			projectRoot = "";
			targets = (
				8EE61C5822478478009D36C8 /* DASample */,
			);
		};
/* End PBXProject section */

/* Begin PBXResourcesBuildPhase section */
		8EE61C5722478478009D36C8 /* Resources */ = {
			isa = PBXResourcesBuildPhase;
			buildActionMask = 2147483647;
			files = (
				8EE61C6722478479009D36C8 /* LaunchScreen.storyboard in Resources */,
				8EE61C6422478479009D36C8 /* Assets.xcassets in Resources */,
				8EE61C962247B706009D36C8 /* ListViewCell.xib in Resources */,
				8EE61C6222478478009D36C8 /* Main.storyboard in Resources */,
				8EE61C8C2247B1A2009D36C8 /* ListItemView.xib in Resources */,
			);
			runOnlyForDeploymentPostprocessing = 0;
		};
/* End PBXResourcesBuildPhase section */

/* Begin PBXSourcesBuildPhase section */
		8EE61C5522478478009D36C8 /* Sources */ = {
			isa = PBXSourcesBuildPhase;
			buildActionMask = 2147483647;
			files = (
				8EE61C8E2247B302009D36C8 /* ListItem.swift in Sources */,
				8EEB999C2247C356004C01E0 /* UIEdgeInsetsExtension.swift in Sources */,
				8EE61C862247B14F009D36C8 /* PhotosManager.swift in Sources */,
				8EE61C5F22478478009D36C8 /* InitialViewController.swift in Sources */,
				8EEB99A32247CAB7004C01E0 /* UIActivityIndicatable.swift in Sources */,
				8EE61C952247B706009D36C8 /* ListViewCell.swift in Sources */,
				8EE61C7B2247863D009D36C8 /* PhotosViewController.swift in Sources */,
				8EE61C8A2247B196009D36C8 /* ListItemView.swift in Sources */,
				8EE61C7F22478B73009D36C8 /* UIViewControllerExtension.swift in Sources */,
				8EE61C8322478F0C009D36C8 /* UIColorExtension.swift in Sources */,
				8EEB999F2247C50B004C01E0 /* Fetcher.swift in Sources */,
				8EE61C7D2247868E009D36C8 /* UIStoryboardExtension.swift in Sources */,
				8EE61C8122478D55009D36C8 /* UIButtonExtension.swift in Sources */,
				8EE61C79224785F2009D36C8 /* ListViewController.swift in Sources */,
				8EEB999A2247B916004C01E0 /* ArrayExtension.swift in Sources */,
				8EE61C882247B15E009D36C8 /* ListItemsManager.swift in Sources */,
				8EE61C5D22478478009D36C8 /* AppDelegate.swift in Sources */,
				8EEB99A12247C8A3004C01E0 /* ListItemsDelegate.swift in Sources */,
			);
			runOnlyForDeploymentPostprocessing = 0;
		};
/* End PBXSourcesBuildPhase section */

/* Begin PBXVariantGroup section */
		8EE61C6022478478009D36C8 /* Main.storyboard */ = {
			isa = PBXVariantGroup;
			children = (
				8EE61C6122478478009D36C8 /* Base */,
			);
			name = Main.storyboard;
			sourceTree = "<group>";
		};
		8EE61C6522478479009D36C8 /* LaunchScreen.storyboard */ = {
			isa = PBXVariantGroup;
			children = (
				8EE61C6622478479009D36C8 /* Base */,
			);
			name = LaunchScreen.storyboard;
			sourceTree = "<group>";
		};
/* End PBXVariantGroup section */

/* Begin XCBuildConfiguration section */
		8EE61C6922478479009D36C8 /* Debug */ = {
			isa = XCBuildConfiguration;
			buildSettings = {
				ALWAYS_SEARCH_USER_PATHS = NO;
				CLANG_ANALYZER_NONNULL = YES;
				CLANG_ANALYZER_NUMBER_OBJECT_CONVERSION = YES_AGGRESSIVE;
				CLANG_CXX_LANGUAGE_STANDARD = "gnu++14";
				CLANG_CXX_LIBRARY = "libc++";
				CLANG_ENABLE_MODULES = YES;
				CLANG_ENABLE_OBJC_ARC = YES;
				CLANG_ENABLE_OBJC_WEAK = YES;
				CLANG_WARN_BLOCK_CAPTURE_AUTORELEASING = YES;
				CLANG_WARN_BOOL_CONVERSION = YES;
				CLANG_WARN_COMMA = YES;
				CLANG_WARN_CONSTANT_CONVERSION = YES;
				CLANG_WARN_DEPRECATED_OBJC_IMPLEMENTATIONS = YES;
				CLANG_WARN_DIRECT_OBJC_ISA_USAGE = YES_ERROR;
				CLANG_WARN_DOCUMENTATION_COMMENTS = YES;
				CLANG_WARN_EMPTY_BODY = YES;
				CLANG_WARN_ENUM_CONVERSION = YES;
				CLANG_WARN_INFINITE_RECURSION = YES;
				CLANG_WARN_INT_CONVERSION = YES;
				CLANG_WARN_NON_LITERAL_NULL_CONVERSION = YES;
				CLANG_WARN_OBJC_IMPLICIT_RETAIN_SELF = YES;
				CLANG_WARN_OBJC_LITERAL_CONVERSION = YES;
				CLANG_WARN_OBJC_ROOT_CLASS = YES_ERROR;
				CLANG_WARN_RANGE_LOOP_ANALYSIS = YES;
				CLANG_WARN_STRICT_PROTOTYPES = YES;
				CLANG_WARN_SUSPICIOUS_MOVE = YES;
				CLANG_WARN_UNGUARDED_AVAILABILITY = YES_AGGRESSIVE;
				CLANG_WARN_UNREACHABLE_CODE = YES;
				CLANG_WARN__DUPLICATE_METHOD_MATCH = YES;
				CODE_SIGN_IDENTITY = "iPhone Developer";
				COPY_PHASE_STRIP = NO;
				DEBUG_INFORMATION_FORMAT = dwarf;
				ENABLE_STRICT_OBJC_MSGSEND = YES;
				ENABLE_TESTABILITY = YES;
				GCC_C_LANGUAGE_STANDARD = gnu11;
				GCC_DYNAMIC_NO_PIC = NO;
				GCC_NO_COMMON_BLOCKS = YES;
				GCC_OPTIMIZATION_LEVEL = 0;
				GCC_PREPROCESSOR_DEFINITIONS = (
					"DEBUG=1",
					"$(inherited)",
				);
				GCC_WARN_64_TO_32_BIT_CONVERSION = YES;
				GCC_WARN_ABOUT_RETURN_TYPE = YES_ERROR;
				GCC_WARN_UNDECLARED_SELECTOR = YES;
				GCC_WARN_UNINITIALIZED_AUTOS = YES_AGGRESSIVE;
				GCC_WARN_UNUSED_FUNCTION = YES;
				GCC_WARN_UNUSED_VARIABLE = YES;
				IPHONEOS_DEPLOYMENT_TARGET = 12.1;
				MTL_ENABLE_DEBUG_INFO = INCLUDE_SOURCE;
				MTL_FAST_MATH = YES;
				ONLY_ACTIVE_ARCH = YES;
				SDKROOT = iphoneos;
				SWIFT_ACTIVE_COMPILATION_CONDITIONS = DEBUG;
				SWIFT_OPTIMIZATION_LEVEL = "-Onone";
			};
			name = Debug;
		};
		8EE61C6A22478479009D36C8 /* Release */ = {
			isa = XCBuildConfiguration;
			buildSettings = {
				ALWAYS_SEARCH_USER_PATHS = NO;
				CLANG_ANALYZER_NONNULL = YES;
				CLANG_ANALYZER_NUMBER_OBJECT_CONVERSION = YES_AGGRESSIVE;
				CLANG_CXX_LANGUAGE_STANDARD = "gnu++14";
				CLANG_CXX_LIBRARY = "libc++";
				CLANG_ENABLE_MODULES = YES;
				CLANG_ENABLE_OBJC_ARC = YES;
				CLANG_ENABLE_OBJC_WEAK = YES;
				CLANG_WARN_BLOCK_CAPTURE_AUTORELEASING = YES;
				CLANG_WARN_BOOL_CONVERSION = YES;
				CLANG_WARN_COMMA = YES;
				CLANG_WARN_CONSTANT_CONVERSION = YES;
				CLANG_WARN_DEPRECATED_OBJC_IMPLEMENTATIONS = YES;
				CLANG_WARN_DIRECT_OBJC_ISA_USAGE = YES_ERROR;
				CLANG_WARN_DOCUMENTATION_COMMENTS = YES;
				CLANG_WARN_EMPTY_BODY = YES;
				CLANG_WARN_ENUM_CONVERSION = YES;
				CLANG_WARN_INFINITE_RECURSION = YES;
				CLANG_WARN_INT_CONVERSION = YES;
				CLANG_WARN_NON_LITERAL_NULL_CONVERSION = YES;
				CLANG_WARN_OBJC_IMPLICIT_RETAIN_SELF = YES;
				CLANG_WARN_OBJC_LITERAL_CONVERSION = YES;
				CLANG_WARN_OBJC_ROOT_CLASS = YES_ERROR;
				CLANG_WARN_RANGE_LOOP_ANALYSIS = YES;
				CLANG_WARN_STRICT_PROTOTYPES = YES;
				CLANG_WARN_SUSPICIOUS_MOVE = YES;
				CLANG_WARN_UNGUARDED_AVAILABILITY = YES_AGGRESSIVE;
				CLANG_WARN_UNREACHABLE_CODE = YES;
				CLANG_WARN__DUPLICATE_METHOD_MATCH = YES;
				CODE_SIGN_IDENTITY = "iPhone Developer";
				COPY_PHASE_STRIP = NO;
				DEBUG_INFORMATION_FORMAT = "dwarf-with-dsym";
				ENABLE_NS_ASSERTIONS = NO;
				ENABLE_STRICT_OBJC_MSGSEND = YES;
				GCC_C_LANGUAGE_STANDARD = gnu11;
				GCC_NO_COMMON_BLOCKS = YES;
				GCC_WARN_64_TO_32_BIT_CONVERSION = YES;
				GCC_WARN_ABOUT_RETURN_TYPE = YES_ERROR;
				GCC_WARN_UNDECLARED_SELECTOR = YES;
				GCC_WARN_UNINITIALIZED_AUTOS = YES_AGGRESSIVE;
				GCC_WARN_UNUSED_FUNCTION = YES;
				GCC_WARN_UNUSED_VARIABLE = YES;
				IPHONEOS_DEPLOYMENT_TARGET = 12.1;
				MTL_ENABLE_DEBUG_INFO = NO;
				MTL_FAST_MATH = YES;
				SDKROOT = iphoneos;
				SWIFT_COMPILATION_MODE = wholemodule;
				SWIFT_OPTIMIZATION_LEVEL = "-O";
				VALIDATE_PRODUCT = YES;
			};
			name = Release;
		};
		8EE61C6C22478479009D36C8 /* Debug */ = {
			isa = XCBuildConfiguration;
			buildSettings = {
				ASSETCATALOG_COMPILER_APPICON_NAME = AppIcon;
				CODE_SIGN_STYLE = Automatic;
				INFOPLIST_FILE = "DASample/Supporting Files/Info.plist";
				LD_RUNPATH_SEARCH_PATHS = (
					"$(inherited)",
					"@executable_path/Frameworks",
				);
				PRODUCT_BUNDLE_IDENTIFIER = home.DASample;
				PRODUCT_NAME = "$(TARGET_NAME)";
				SWIFT_VERSION = 4.2;
				TARGETED_DEVICE_FAMILY = "1,2";
			};
			name = Debug;
		};
		8EE61C6D22478479009D36C8 /* Release */ = {
			isa = XCBuildConfiguration;
			buildSettings = {
				ASSETCATALOG_COMPILER_APPICON_NAME = AppIcon;
				CODE_SIGN_STYLE = Automatic;
				INFOPLIST_FILE = "DASample/Supporting Files/Info.plist";
				LD_RUNPATH_SEARCH_PATHS = (
					"$(inherited)",
					"@executable_path/Frameworks",
				);
				PRODUCT_BUNDLE_IDENTIFIER = home.DASample;
				PRODUCT_NAME = "$(TARGET_NAME)";
				SWIFT_VERSION = 4.2;
				TARGETED_DEVICE_FAMILY = "1,2";
			};
			name = Release;
		};
/* End XCBuildConfiguration section */

/* Begin XCConfigurationList section */
		8EE61C5422478478009D36C8 /* Build configuration list for PBXProject "DASample" */ = {
			isa = XCConfigurationList;
			buildConfigurations = (
				8EE61C6922478479009D36C8 /* Debug */,
				8EE61C6A22478479009D36C8 /* Release */,
			);
			defaultConfigurationIsVisible = 0;
			defaultConfigurationName = Release;
		};
		8EE61C6B22478479009D36C8 /* Build configuration list for PBXNativeTarget "DASample" */ = {
			isa = XCConfigurationList;
			buildConfigurations = (
				8EE61C6C22478479009D36C8 /* Debug */,
				8EE61C6D22478479009D36C8 /* Release */,
			);
			defaultConfigurationIsVisible = 0;
			defaultConfigurationName = Release;
		};
/* End XCConfigurationList section */
	};
	rootObject = 8EE61C5122478478009D36C8 /* Project object */;
}
